version: 4.0.0
generated: '2026-03-18T00:00:00Z'
algorithm: sha256
offline_behaviour: warn
files:
  domains/agentic.anchor: 659abaa294a1b1f062385a077b41d04fe75e0d708be89c6ef3ebb4ce69169703
  domains/alignment.anchor: b8fbdbbabc5e82f620a354829f5a8d70c3e85198ccbc96a4c55bd070f3f3f9db
  domains/ethics.anchor: d402bf6d69815bdb0074a9fa7a02ae57fcc349a4a5c359f6f128302be5f7c38c
  domains/legal.anchor: b5c061c69526f254ce2e6eb8f046aeceb1313b4e6bb8d763bd97ae2b2722854f
  domains/operational.anchor: 9784ffa88b352d49b5643a257fedc3cd88e5d4b4f4591bb5c8610b2ca1aef435
  domains/privacy.anchor: aa9204e9a7693e0d70cb09b7d6bd375684cac3b5066a884d9e946baf953805cc
  domains/security.anchor: b7756ded815bbe80959e1734badabbaa753608f82486045202c4be89f072b8f8
  domains/shared.anchor: 9121d6b2978c307f1b8d1d9cbccfbb77a3df65e17fdf6d54cdda0eb2d5dc0619
  domains/supply_chain.anchor: 493ae046e572724609bd46bba1d712f9e5b66c550148f45e723cd785f276f9e4
  frameworks/FINOS_Framework.anchor: 60306678ec523f3cc1aca02f7ff23d62a1b22429f23e7994b92fc13a0ded174a
  frameworks/NIST_AI_RMF.anchor: 1a0971b93737280564dca779b8bfb6c27552c791c7f0d5bb22a9ff9d11c59ca5
  frameworks/OWASP_LLM.anchor: 63b3086c9ebbb78e45437cf73dc69e72b441683e72ccfeb1fa91ccb11a8921b9
  government/CFPB_Regulations.anchor: 7005b47e40061e1d47c0ee42439c3c2897a701337359490b09f8113d6dc87ee7
  government/EU_AI_Act.anchor: 05063bdd1d5af44d08cedba38bc9549b15ee567d056da7afa217d7da7a185416
  government/FCA_Regulations.anchor: f23b61075d323be487b6218a2c0e353d8df445bf3e13904f977edf895123973e
  government/RBI_Regulations.anchor: 0337e51a8520507c951f68acd3ba207f30d015e586007be8a13db5c56a978e40
  government/SEBI_Regulations.anchor: 38dac4c568ecf52d89ee49b027b401d8e8a46b03b40d9f99e9bdf40534247a15
  government/SEC_Regulations.anchor: b7819b6dd874892ef5005eb5033221ac4327146dc060239a1e3fbadaeecd4c07
