# Anchor Governance Integrity Baseline (v4.3.5)
# Generated: 2026-04-02T12:17:15Z
# This file ensures that governance policies cannot be modified without detection.

# Root Policy Files
constitution.anchor: dc99041ec4dfd737847a0180c624ffea0359a11a299638fce681eb2a52e8fd0e
mitigation.anchor: 07493178fb9caa2a648c5a5a02aaba996cf7f953ccb0eb62e40f78666a5c5af4

# Domain Rules
domains/ethics.anchor: d5365e118f88dc6c1c04f8d810302184b0cbfcad3f41b6dfcc6a917e4bd99a5b
domains/security.anchor: cfba5ba18e296432ef951f9244e1edf63e1e7ae9161f90d3691cd870be012e25
domains/privacy.anchor: 68bb650e5b3e0b013942a41fb7d32d68f6862f4cbc68b45e76d302ea739c4f9b
domains/supply_chain.anchor: 7f29b6e3373237e25afd69bff7c0105dbaee328ce58b16345f1bdec630d50bdd
domains/agentic.anchor: 2c905b01554bcdff17410d069b90c91d08c83a9fcd18b8eea235476322ee3e85
domains/alignment.anchor: d66e202937f4d890794682e5321b97c2791178b6fc4fb0f4d686ce8058afcb88
domains/legal.anchor: 7baf4e9b5c98e640e62da380442a002d94ff68141fc4593f39f44e9841cf3e45
domains/operational.anchor: 56054d84af8187838b93874b570d43075b8088d84661e9e224781b2b510ca2a0
domains/shared.anchor: 4a528f4d660280658c7c0bd8c21baae5eb5fe90b455b4e7d397d6b7766ccc4f7

# Government Mandates
government/EU_AI_Act.anchor: 22751a537094a74e0fb3afd9134d827628d97201dd9a4ee8c13b16713dcb30dc
government/FCA_Regulations.anchor: e656b6d7dccfbfd758eb8ca681efd5a2f3415843998386f2fa837566e790b8fb
government/RBI_Regulations.anchor: 0337e51a8520507c951f68acd3ba207f30d015e586007be8a13db5c56a978e40
government/SEBI_Regulations.anchor: 1e66c688d8bf4464ce5467613fd3e92c71d4a96bbb97d93cb43e287725b9aaa4
government/SEC_Regulations.anchor: 7bffaf6ac1f36dd92cdf54a826f02392eb1e7dfb4633d36494cff34d391eea9d

# Regulatory Frameworks
frameworks/FINOS_Framework.anchor: 57171a1daf1467c53c120aaa894d7db7f5d16206d8bc435a5c0879123c86014d
frameworks/NIST_AI_RMF.anchor: 77583f854ff226adaa7bf3a05ef666aecdff879af5f94c0e5c48a37b9d28c7c9
frameworks/OWASP_LLM.anchor: 00a1f17f9a95b8ba4c81977c2dcbd91bc552fb187575ed70e0603ac5f4304348
